PODS:
  - Alamofire (5.4.1)
  - DropDown (2.3.13)
  - ObjectMapper (3.5.3)
  - RxCocoa (6.1.0):
    - RxRelay (= 6.1.0)
    - RxSwift (= 6.1.0)
  - RxRelay (6.1.0):
    - RxSwift (= 6.1.0)
  - RxSwift (6.1.0)
  - SDWebImage (5.10.4):
    - SDWebImage/Core (= 5.10.4)
  - SDWebImage/Core (5.10.4)
  - Shimmer (1.0.2)

DEPENDENCIES:
  - Alamofire
  - DropDown
  - ObjectMapper (~> 3.4)
  - RxCocoa
  - RxSwift
  - SDWebImage
  - Shimmer

SPEC REPOS:
  trunk:
    - Alamofire
    - DropDown
    - ObjectMapper
    - RxCocoa
    - RxRelay
    - RxSwift
    - SDWebImage
    - Shimmer

SPEC CHECKSUMS:
  Alamofire: 2291f7d21ca607c491dd17642e5d40fdcda0e65c
  DropDown: 8a2116376c1981888557f72ec2ffc9a5e0e456ec
  ObjectMapper: 97111c97e054a6ee25917662106689f0b4127b37
  RxCocoa: 5c51f02d562cbd94629f6c26cf0c80fe4ab8d343
  RxRelay: 483e1a19fad961b41f0b0c0bee506f46c1ae14fe
  RxSwift: a834e5c538e89eca0cae86f403f4fbf0336786ce
  SDWebImage: c666b97e1fa9c64b4909816a903322018f0a9c84
  Shimmer: c5374be1c2b0c9e292fb05b339a513cf291cac86

PODFILE CHECKSUM: d1da436563cdbce95247a0c5b6a7502f944615fb

COCOAPODS: 1.10.1
